{
    "_readme": [
        "This file locks the dependencies of your project to a known state",
        "Read more about it at https://getcomposer.org/doc/01-basic-usage.md#installing-dependencies",
        "This file is @generated automatically"
    ],
    "content-hash": "f1e3f22b8b773dc7a7e5d2cce42bff18",
    "packages": [
        {
            "name": "bilgisam/adres.link",
            "version": "dev-main",
            "source": {
                "type": "git",
                "url": "git@github.com:Bilgisam/adres.link.git",
                "reference": "88ad2d22d8cc82b3600bd0afc40816bcac7de770"
            },
            "dist": {
                "type": "zip",
                "url": "https://api.github.com/repos/Bilgisam/adres.link/zipball/88ad2d22d8cc82b3600bd0afc40816bcac7de770",
                "reference": "88ad2d22d8cc82b3600bd0afc40816bcac7de770",
                "shasum": ""
            },
            "default-branch": true,
            "type": "package",
            "autoload": {
                "psr-4": {
                    "BilgiSam\\AdresLink\\": "./src/AdresLINK/"
                }
            },
            "authors": [
                {
                    "name": "Samet Utku OLGUN",
                    "email": "smtkuo@gmail.com"
                }
            ],
            "description": "Helpers",
            "keywords": [
                "adreslink helpers"
            ],
            "support": {
                "source": "https://github.com/Bilgisam/adres.link/tree/main",
                "issues": "https://github.com/Bilgisam/adres.link/issues"
            },
            "time": "2022-09-11T20:16:52+00:00"
        },
        {
            "name": "fortawesome/font-awesome",
            "version": "6.2.0",
            "source": {
                "type": "git",
                "url": "https://github.com/FortAwesome/Font-Awesome.git",
                "reference": "d3a7818c253fcbafff9ebd1d4abb2866c192e1d7"
            },
            "dist": {
                "type": "zip",
                "url": "https://api.github.com/repos/FortAwesome/Font-Awesome/zipball/d3a7818c253fcbafff9ebd1d4abb2866c192e1d7",
                "reference": "d3a7818c253fcbafff9ebd1d4abb2866c192e1d7",
                "shasum": ""
            },
            "type": "library",
            "notification-url": "https://packagist.org/downloads/",
            "license": [
                "CC-BY-4.0",
                "OFL-1.1",
                "MIT"
            ],
            "authors": [
                {
                    "name": "The Font Awesome Team",
                    "homepage": "https://github.com/orgs/FortAwesome/people"
                }
            ],
            "description": "The iconic font, CSS, and SVG framework",
            "homepage": "https://fontawesome.com",
            "keywords": [
                "FontAwesome",
                "awesome",
                "bootstrap",
                "font",
                "icon",
                "svg"
            ],
            "support": {
                "docs": "http://fontawesome.com/docs",
                "email": "hello@fontawesome.com",
                "issues": "https://github.com/FortAwesome/Font-Awesome/issues",
                "source": "https://github.com/FortAwesome/Font-Awesome"
            },
            "time": "2022-08-31T21:02:43+00:00"
        },
        {
            "name": "phpmv/ubiquity",
            "version": "2.4.12",
            "source": {
                "type": "git",
                "url": "https://github.com/phpMv/ubiquity.git",
                "reference": "e8bd0775fb2c9d4bb5cecc80d0c67974542a757b"
            },
            "dist": {
                "type": "zip",
                "url": "https://api.github.com/repos/phpMv/ubiquity/zipball/e8bd0775fb2c9d4bb5cecc80d0c67974542a757b",
                "reference": "e8bd0775fb2c9d4bb5cecc80d0c67974542a757b",
                "shasum": ""
            },
            "require": {
                "php": ">=7.4"
            },
            "require-dev": {
                "phpmv/php-mv-ui": "^2.2",
                "phpmv/ubiquity-codeception": "dev-master",
                "phpmv/ubiquity-dev": "^0.1",
                "phpmv/ubiquity-devtools": "dev-master"
            },
            "type": "framework",
            "extra": {
                "branch-alias": {
                    "dev-master": "2.4.x-dev"
                }
            },
            "autoload": {
                "psr-4": {
                    "Ubiquity\\": "src/Ubiquity/"
                }
            },
            "notification-url": "https://packagist.org/downloads/",
            "license": [
                "Apache-2.0"
            ],
            "authors": [
                {
                    "name": "Jean-Christophe HERON",
                    "email": "myaddressmail@gmail.com",
                    "role": "Lead developer"
                }
            ],
            "description": "Ubiquity-framework",
            "keywords": [
                "framework",
                "mvc",
                "orm",
                "php"
            ],
            "support": {
                "issues": "https://github.com/phpMv/ubiquity/issues",
                "source": "https://github.com/phpMv/ubiquity/tree/2.4.12"
            },
            "time": "2022-04-24T22:55:51+00:00"
        },
        {
            "name": "symfony/polyfill-ctype",
            "version": "v1.26.0",
            "source": {
                "type": "git",
                "url": "https://github.com/symfony/polyfill-ctype.git",
                "reference": "6fd1b9a79f6e3cf65f9e679b23af304cd9e010d4"
            },
            "dist": {
                "type": "zip",
                "url": "https://api.github.com/repos/symfony/polyfill-ctype/zipball/6fd1b9a79f6e3cf65f9e679b23af304cd9e010d4",
                "reference": "6fd1b9a79f6e3cf65f9e679b23af304cd9e010d4",
                "shasum": ""
            },
            "require": {
                "php": ">=7.1"
            },
            "provide": {
                "ext-ctype": "*"
            },
            "suggest": {
                "ext-ctype": "For best performance"
            },
            "type": "library",
            "extra": {
                "branch-alias": {
                    "dev-main": "1.26-dev"
                },
                "thanks": {
                    "name": "symfony/polyfill",
                    "url": "https://github.com/symfony/polyfill"
                }
            },
            "autoload": {
                "files": [
                    "bootstrap.php"
                ],
                "psr-4": {
                    "Symfony\\Polyfill\\Ctype\\": ""
                }
            },
            "notification-url": "https://packagist.org/downloads/",
            "license": [
                "MIT"
            ],
            "authors": [
                {
                    "name": "Gert de Pagter",
                    "email": "BackEndTea@gmail.com"
                },
                {
                    "name": "Symfony Community",
                    "homepage": "https://symfony.com/contributors"
                }
            ],
            "description": "Symfony polyfill for ctype functions",
            "homepage": "https://symfony.com",
            "keywords": [
                "compatibility",
                "ctype",
                "polyfill",
                "portable"
            ],
            "support": {
                "source": "https://github.com/symfony/polyfill-ctype/tree/v1.26.0"
            },
            "funding": [
                {
                    "url": "https://symfony.com/sponsor",
                    "type": "custom"
                },
                {
                    "url": "https://github.com/fabpot",
                    "type": "github"
                },
                {
                    "url": "https://tidelift.com/funding/github/packagist/symfony/symfony",
                    "type": "tidelift"
                }
            ],
            "time": "2022-05-24T11:49:31+00:00"
        },
        {
            "name": "symfony/polyfill-mbstring",
            "version": "v1.26.0",
            "source": {
                "type": "git",
                "url": "https://github.com/symfony/polyfill-mbstring.git",
                "reference": "9344f9cb97f3b19424af1a21a3b0e75b0a7d8d7e"
            },
            "dist": {
                "type": "zip",
                "url": "https://api.github.com/repos/symfony/polyfill-mbstring/zipball/9344f9cb97f3b19424af1a21a3b0e75b0a7d8d7e",
                "reference": "9344f9cb97f3b19424af1a21a3b0e75b0a7d8d7e",
                "shasum": ""
            },
            "require": {
                "php": ">=7.1"
            },
            "provide": {
                "ext-mbstring": "*"
            },
            "suggest": {
                "ext-mbstring": "For best performance"
            },
            "type": "library",
            "extra": {
                "branch-alias": {
                    "dev-main": "1.26-dev"
                },
                "thanks": {
                    "name": "symfony/polyfill",
                    "url": "https://github.com/symfony/polyfill"
                }
            },
            "autoload": {
                "files": [
                    "bootstrap.php"
                ],
                "psr-4": {
                    "Symfony\\Polyfill\\Mbstring\\": ""
                }
            },
            "notification-url": "https://packagist.org/downloads/",
            "license": [
                "MIT"
            ],
            "authors": [
                {
                    "name": "Nicolas Grekas",
                    "email": "p@tchwork.com"
                },
                {
                    "name": "Symfony Community",
                    "homepage": "https://symfony.com/contributors"
                }
            ],
            "description": "Symfony polyfill for the Mbstring extension",
            "homepage": "https://symfony.com",
            "keywords": [
                "compatibility",
                "mbstring",
                "polyfill",
                "portable",
                "shim"
            ],
            "support": {
                "source": "https://github.com/symfony/polyfill-mbstring/tree/v1.26.0"
            },
            "funding": [
                {
                    "url": "https://symfony.com/sponsor",
                    "type": "custom"
                },
                {
                    "url": "https://github.com/fabpot",
                    "type": "github"
                },
                {
                    "url": "https://tidelift.com/funding/github/packagist/symfony/symfony",
                    "type": "tidelift"
                }
            ],
            "time": "2022-05-24T11:49:31+00:00"
        },
        {
            "name": "twig/twig",
            "version": "v3.4.2",
            "source": {
                "type": "git",
                "url": "https://github.com/twigphp/Twig.git",
                "reference": "e07cdd3d430cd7e453c31b36eb5ad6c0c5e43077"
            },
            "dist": {
                "type": "zip",
                "url": "https://api.github.com/repos/twigphp/Twig/zipball/e07cdd3d430cd7e453c31b36eb5ad6c0c5e43077",
                "reference": "e07cdd3d430cd7e453c31b36eb5ad6c0c5e43077",
                "shasum": ""
            },
            "require": {
                "php": ">=7.2.5",
                "symfony/polyfill-ctype": "^1.8",
                "symfony/polyfill-mbstring": "^1.3"
            },
            "require-dev": {
                "psr/container": "^1.0",
                "symfony/phpunit-bridge": "^4.4.9|^5.0.9|^6.0"
            },
            "type": "library",
            "extra": {
                "branch-alias": {
                    "dev-master": "3.4-dev"
                }
            },
            "autoload": {
                "psr-4": {
                    "Twig\\": "src/"
                }
            },
            "notification-url": "https://packagist.org/downloads/",
            "license": [
                "BSD-3-Clause"
            ],
            "authors": [
                {
                    "name": "Fabien Potencier",
                    "email": "fabien@symfony.com",
                    "homepage": "http://fabien.potencier.org",
                    "role": "Lead Developer"
                },
                {
                    "name": "Twig Team",
                    "role": "Contributors"
                },
                {
                    "name": "Armin Ronacher",
                    "email": "armin.ronacher@active-4.com",
                    "role": "Project Founder"
                }
            ],
            "description": "Twig, the flexible, fast, and secure template language for PHP",
            "homepage": "https://twig.symfony.com",
            "keywords": [
                "templating"
            ],
            "support": {
                "issues": "https://github.com/twigphp/Twig/issues",
                "source": "https://github.com/twigphp/Twig/tree/v3.4.2"
            },
            "funding": [
                {
                    "url": "https://github.com/fabpot",
                    "type": "github"
                },
                {
                    "url": "https://tidelift.com/funding/github/packagist/twig/twig",
                    "type": "tidelift"
                }
            ],
            "time": "2022-08-12T06:47:24+00:00"
        },
        {
            "name": "twitter/bootstrap",
            "version": "v5.2.0",
            "source": {
                "type": "git",
                "url": "https://github.com/twbs/bootstrap.git",
                "reference": "edf9c40956d19e6ab3f9151bfe0dfac6be06fa21"
            },
            "dist": {
                "type": "zip",
                "url": "https://api.github.com/repos/twbs/bootstrap/zipball/edf9c40956d19e6ab3f9151bfe0dfac6be06fa21",
                "reference": "edf9c40956d19e6ab3f9151bfe0dfac6be06fa21",
                "shasum": ""
            },
            "type": "library",
            "notification-url": "https://packagist.org/downloads/",
            "license": [
                "MIT"
            ],
            "authors": [
                {
                    "name": "Mark Otto",
                    "email": "markdotto@gmail.com"
                },
                {
                    "name": "Jacob Thornton",
                    "email": "jacobthornton@gmail.com"
                }
            ],
            "description": "The most popular front-end framework for developing responsive, mobile first projects on the web.",
            "homepage": "https://getbootstrap.com/",
            "keywords": [
                "JS",
                "css",
                "framework",
                "front-end",
                "mobile-first",
                "responsive",
                "sass",
                "web"
            ],
            "support": {
                "issues": "https://github.com/twbs/bootstrap/issues",
                "source": "https://github.com/twbs/bootstrap/tree/v5.2.0"
            },
            "time": "2022-07-19T15:43:58+00:00"
        }
    ],
    "packages-dev": [
        {
            "name": "frameworks/jquery",
            "version": "2.1.4",
            "source": {
                "type": "git",
                "url": "https://github.com/frameworks/jquery.git",
                "reference": "ef9c4fe9fcb23914bba6ec6d32c556e4a38a0fd9"
            },
            "dist": {
                "type": "zip",
                "url": "https://api.github.com/repos/frameworks/jquery/zipball/ef9c4fe9fcb23914bba6ec6d32c556e4a38a0fd9",
                "reference": "ef9c4fe9fcb23914bba6ec6d32c556e4a38a0fd9",
                "shasum": ""
            },
            "type": "library",
            "notification-url": "https://packagist.org/downloads/",
            "license": [
                "MIT"
            ],
            "description": "jQuery JavaScript Library",
            "homepage": "http://jquery.com",
            "support": {
                "forum": "http://forum.jquery.com",
                "irc": "irc://irc.freenode.org/jquery",
                "issues": "http://bugs.jquery.com",
                "source": "https://github.com/jquery/jquery",
                "wiki": "http://docs.jquery.com/"
            },
            "time": "2015-10-09T00:55:51+00:00"
        },
        {
            "name": "phpmv/php-mv-ui",
            "version": "2.4.9",
            "source": {
                "type": "git",
                "url": "https://github.com/phpMv/phpMv-UI.git",
                "reference": "8a5275fe2164f8ad6396e75f516127025264336a"
            },
            "dist": {
                "type": "zip",
                "url": "https://api.github.com/repos/phpMv/phpMv-UI/zipball/8a5275fe2164f8ad6396e75f516127025264336a",
                "reference": "8a5275fe2164f8ad6396e75f516127025264336a",
                "shasum": ""
            },
            "require": {
                "frameworks/jquery": "~2.1",
                "php": ">7.0"
            },
            "suggest": {
                "components/jqueryui": "~1.11",
                "fomantic/ui": "~2.7.8",
                "twitter/bootstrap": "~3.3"
            },
            "type": "library",
            "extra": {
                "branch-alias": {
                    "dev-master": "2.4.x-dev"
                }
            },
            "autoload": {
                "psr-4": {
                    "Ajax\\": "Ajax/"
                }
            },
            "notification-url": "https://packagist.org/downloads/",
            "license": [
                "Apache-2.0"
            ],
            "authors": [
                {
                    "name": "Jean-Christophe HERON",
                    "email": "myaddressmail@gmail.com",
                    "role": "Lead developer"
                }
            ],
            "description": "A JQuery and UI library for php and php MVC frameworks",
            "keywords": [
                "codeigniter",
                "framework",
                "jQuery UI",
                "jquery",
                "laravel",
                "phalcon",
                "php",
                "semantic ui",
                "symfony",
                "twitter bootstrap",
                "ubiquity",
                "yii"
            ],
            "support": {
                "issues": "https://github.com/phpMv/phpMv-UI/issues",
                "source": "https://github.com/phpMv/phpMv-UI/tree/2.4.9"
            },
            "time": "2022-04-23T01:52:01+00:00"
        },
        {
            "name": "phpmv/ubiquity-attributes",
            "version": "0.0.12",
            "source": {
                "type": "git",
                "url": "https://github.com/phpMv/ubiquity-attributes.git",
                "reference": "85c1e471d0aae678089a8ed19b4cb8aa08fb260e"
            },
            "dist": {
                "type": "zip",
                "url": "https://api.github.com/repos/phpMv/ubiquity-attributes/zipball/85c1e471d0aae678089a8ed19b4cb8aa08fb260e",
                "reference": "85c1e471d0aae678089a8ed19b4cb8aa08fb260e",
                "shasum": ""
            },
            "require": {
                "php": ">=8.0",
                "phpmv/ubiquity": "^2.4"
            },
            "type": "extension",
            "extra": {
                "branch-alias": {
                    "dev-master": "1.0.x-dev"
                }
            },
            "autoload": {
                "psr-4": {
                    "Ubiquity\\": "src/Ubiquity/"
                }
            },
            "notification-url": "https://packagist.org/downloads/",
            "license": [
                "Apache-2.0"
            ],
            "authors": [
                {
                    "name": "Jean-Christophe HERON",
                    "email": "myaddressmail@gmail.com",
                    "role": "Lead developer"
                }
            ],
            "description": "php 8 attributes for Ubiquity framework",
            "keywords": [
                "annotations",
                "attributes",
                "framework",
                "mvc",
                "php",
                "php-framework"
            ],
            "support": {
                "issues": "https://github.com/phpMv/ubiquity-attributes/issues",
                "source": "https://github.com/phpMv/ubiquity-attributes/tree/0.0.12"
            },
            "time": "2022-04-24T23:39:00+00:00"
        },
        {
            "name": "phpmv/ubiquity-codeception",
            "version": "1.0.1",
            "source": {
                "type": "git",
                "url": "https://github.com/phpMv/ubiquity-codeception.git",
                "reference": "74e44a9a46ab63d6c0dd27b520d7bb952984e108"
            },
            "dist": {
                "type": "zip",
                "url": "https://api.github.com/repos/phpMv/ubiquity-codeception/zipball/74e44a9a46ab63d6c0dd27b520d7bb952984e108",
                "reference": "74e44a9a46ab63d6c0dd27b520d7bb952984e108",
                "shasum": ""
            },
            "require": {
                "php": ">7.0"
            },
            "require-dev": {
                "codeception/codeception": "^2.2",
                "phpmv/ubiquity": "dev-master"
            },
            "type": "module",
            "extra": {
                "branch-alias": {
                    "dev-master": "1.0.x-dev"
                }
            },
            "autoload": {
                "psr-4": {
                    "Codeception\\Module\\": "src/functional/",
                    "Ubiquity\\tests\\unit\\": "src/unit/",
                    "Codeception\\Lib\\Connector\\": "src/functional/"
                }
            },
            "notification-url": "https://packagist.org/downloads/",
            "authors": [
                {
                    "name": "Jean-Christophe HERON",
                    "email": "myaddressmail@gmail.com",
                    "role": "Developer"
                }
            ],
            "description": "Make Codeception's functional tests for Ubiquity framework",
            "keywords": [
                "framework",
                "mvc",
                "orm",
                "php",
                "tests"
            ],
            "support": {
                "issues": "https://github.com/phpMv/ubiquity-codeception/issues",
                "source": "https://github.com/phpMv/ubiquity-codeception/tree/master"
            },
            "time": "2019-07-30T13:21:24+00:00"
        },
        {
            "name": "phpmv/ubiquity-commands",
            "version": "0.0.30",
            "source": {
                "type": "git",
                "url": "https://github.com/phpMv/ubiquity-commands.git",
                "reference": "1dac380647ace07176b79a0f36be23f62d1224f4"
            },
            "dist": {
                "type": "zip",
                "url": "https://api.github.com/repos/phpMv/ubiquity-commands/zipball/1dac380647ace07176b79a0f36be23f62d1224f4",
                "reference": "1dac380647ace07176b79a0f36be23f62d1224f4",
                "shasum": ""
            },
            "require": {
                "php": ">=7.4"
            },
            "type": "extension",
            "extra": {
                "branch-alias": {
                    "dev-master": "1.0.x-dev"
                }
            },
            "autoload": {
                "psr-4": {
                    "Ubiquity\\": "src/Ubiquity/"
                }
            },
            "notification-url": "https://packagist.org/downloads/",
            "license": [
                "Apache-2.0"
            ],
            "authors": [
                {
                    "name": "Jean-Christophe HERON",
                    "email": "myaddressmail@gmail.com",
                    "role": "Lead developer"
                }
            ],
            "description": "Ubiquity commands helper",
            "keywords": [
                "Devtools",
                "cmd",
                "framework",
                "mvc",
                "php",
                "php-framework",
                "tools"
            ],
            "support": {
                "issues": "https://github.com/phpMv/ubiquity-commands/issues",
                "source": "https://github.com/phpMv/ubiquity-commands/tree/0.0.30"
            },
            "time": "2022-01-27T18:24:46+00:00"
        },
        {
            "name": "phpmv/ubiquity-debug",
            "version": "0.0.9",
            "source": {
                "type": "git",
                "url": "https://github.com/phpMv/ubiquity-debug.git",
                "reference": "0279393652828fda79d1ed8ed6ec8ee7e285ff39"
            },
            "dist": {
                "type": "zip",
                "url": "https://api.github.com/repos/phpMv/ubiquity-debug/zipball/0279393652828fda79d1ed8ed6ec8ee7e285ff39",
                "reference": "0279393652828fda79d1ed8ed6ec8ee7e285ff39",
                "shasum": ""
            },
            "require": {
                "php": ">=7.4",
                "prismjs/prism": "^1.23"
            },
            "type": "extension",
            "extra": {
                "branch-alias": {
                    "dev-master": "1.0.x-dev"
                }
            },
            "autoload": {
                "psr-4": {
                    "Ubiquity\\": "src/Ubiquity/"
                }
            },
            "notification-url": "https://packagist.org/downloads/",
            "license": [
                "Apache-2.0"
            ],
            "authors": [
                {
                    "name": "Jean-Christophe HERON",
                    "email": "myaddressmail@gmail.com",
                    "role": "Lead developer"
                }
            ],
            "description": "Debugger for Ubiquity framework",
            "keywords": [
                "debug",
                "framework",
                "mvc",
                "php",
                "php-framework",
                "tools"
            ],
            "support": {
                "issues": "https://github.com/phpMv/ubiquity-debug/issues",
                "source": "https://github.com/phpMv/ubiquity-debug/tree/0.0.9"
            },
            "time": "2022-01-01T14:35:55+00:00"
        },
        {
            "name": "phpmv/ubiquity-dev",
            "version": "0.1.32",
            "source": {
                "type": "git",
                "url": "https://github.com/phpMv/ubiquity-dev.git",
                "reference": "60ee001b980a68e6481bd55476addc8dfc00c39f"
            },
            "dist": {
                "type": "zip",
                "url": "https://api.github.com/repos/phpMv/ubiquity-dev/zipball/60ee001b980a68e6481bd55476addc8dfc00c39f",
                "reference": "60ee001b980a68e6481bd55476addc8dfc00c39f",
                "shasum": ""
            },
            "require": {
                "php": ">=7.4"
            },
            "type": "extension",
            "extra": {
                "branch-alias": {
                    "dev-master": "1.0.x-dev"
                }
            },
            "autoload": {
                "psr-4": {
                    "Ubiquity\\": "src/Ubiquity/"
                }
            },
            "notification-url": "https://packagist.org/downloads/",
            "license": [
                "Apache-2.0"
            ],
            "authors": [
                {
                    "name": "Jean-Christophe HERON",
                    "email": "myaddressmail@gmail.com",
                    "role": "Lead developer"
                }
            ],
            "description": "dev classes for Ubiquity framework",
            "keywords": [
                "framework",
                "mailer",
                "mvc",
                "php",
                "php-framework",
                "tools"
            ],
            "support": {
                "issues": "https://github.com/phpMv/ubiquity-dev/issues",
                "source": "https://github.com/phpMv/ubiquity-dev/tree/0.1.32"
            },
            "time": "2022-02-22T00:20:21+00:00"
        },
        {
            "name": "phpmv/ubiquity-devtools",
            "version": "1.3.11",
            "source": {
                "type": "git",
                "url": "https://github.com/phpMv/ubiquity-devtools.git",
                "reference": "9172515b14bbd5ed4ab0cc319a71467b52942ee2"
            },
            "dist": {
                "type": "zip",
                "url": "https://api.github.com/repos/phpMv/ubiquity-devtools/zipball/9172515b14bbd5ed4ab0cc319a71467b52942ee2",
                "reference": "9172515b14bbd5ed4ab0cc319a71467b52942ee2",
                "shasum": ""
            },
            "require": {
                "php": ">=7.4",
                "phpmv/ubiquity-commands": "^0.0",
                "symfony/process": "^5.2"
            },
            "bin": [
                "src/Ubiquity"
            ],
            "type": "installer",
            "extra": {
                "branch-alias": {
                    "dev-master": "1.3.x-dev"
                }
            },
            "autoload": {
                "psr-4": {
                    "Ubiquity\\": "src/"
                }
            },
            "notification-url": "https://packagist.org/downloads/",
            "license": [
                "Apache-2.0"
            ],
            "authors": [
                {
                    "name": "Jean-Christophe HERON",
                    "email": "myaddressmail@gmail.com",
                    "role": "Lead developer"
                }
            ],
            "description": "Command line tools for ubiquity-framework",
            "keywords": [
                "framework",
                "php"
            ],
            "support": {
                "issues": "https://github.com/phpMv/ubiquity-devtools/issues",
                "source": "https://github.com/phpMv/ubiquity-devtools/tree/1.3.11"
            },
            "time": "2022-05-05T22:27:16+00:00"
        },
        {
            "name": "phpmv/ubiquity-webtools",
            "version": "2.4.16",
            "source": {
                "type": "git",
                "url": "https://github.com/phpMv/ubiquity-webtools.git",
                "reference": "58f4ccf33bcb694457597b988c97333963b438ff"
            },
            "dist": {
                "type": "zip",
                "url": "https://api.github.com/repos/phpMv/ubiquity-webtools/zipball/58f4ccf33bcb694457597b988c97333963b438ff",
                "reference": "58f4ccf33bcb694457597b988c97333963b438ff",
                "shasum": ""
            },
            "require": {
                "php": ">=7.4",
                "phpmv/php-mv-ui": ">2.2.19",
                "phpmv/ubiquity-dev": "^0.1 | dev-master"
            },
            "type": "extension",
            "extra": {
                "branch-alias": {
                    "dev-master": "2.4.x-dev"
                }
            },
            "autoload": {
                "psr-4": {
                    "Ubiquity\\": "src/Ubiquity/"
                }
            },
            "notification-url": "https://packagist.org/downloads/",
            "license": [
                "Apache-2.0"
            ],
            "authors": [
                {
                    "name": "Jean-Christophe HERON",
                    "email": "myaddressmail@gmail.com",
                    "role": "Lead developer"
                }
            ],
            "description": "Webtools for Ubiquity framework",
            "keywords": [
                "framework",
                "mvc",
                "orm",
                "php",
                "php-framework",
                "tools"
            ],
            "support": {
                "issues": "https://github.com/phpMv/ubiquity-webtools/issues",
                "source": "https://github.com/phpMv/ubiquity-webtools/tree/2.4.16"
            },
            "time": "2022-04-24T22:59:08+00:00"
        },
        {
            "name": "prismjs/prism",
            "version": "v1.29.0",
            "source": {
                "type": "git",
                "url": "https://github.com/PrismJS/prism.git",
                "reference": "59e5a3471377057de1f401ba38337aca27b80e03"
            },
            "dist": {
                "type": "zip",
                "url": "https://api.github.com/repos/PrismJS/prism/zipball/59e5a3471377057de1f401ba38337aca27b80e03",
                "reference": "59e5a3471377057de1f401ba38337aca27b80e03",
                "shasum": ""
            },
            "type": "component",
            "extra": {
                "component": {
                    "scripts": [
                        "prism.js"
                    ],
                    "styles": [
                        "themes/prism.css"
                    ],
                    "files": [
                        "themes/*",
                        "components/*"
                    ]
                }
            },
            "notification-url": "https://packagist.org/downloads/",
            "license": [
                "MIT"
            ],
            "description": "Lightweight, robust, elegant syntax highlighting. A spin-off project from Dabblet.",
            "support": {
                "issues": "https://github.com/PrismJS/prism/issues",
                "source": "https://github.com/PrismJS/prism/tree/v1.29.0"
            },
            "time": "2022-08-23T10:41:49+00:00"
        },
        {
            "name": "symfony/polyfill-php80",
            "version": "v1.26.0",
            "source": {
                "type": "git",
                "url": "https://github.com/symfony/polyfill-php80.git",
                "reference": "cfa0ae98841b9e461207c13ab093d76b0fa7bace"
            },
            "dist": {
                "type": "zip",
                "url": "https://api.github.com/repos/symfony/polyfill-php80/zipball/cfa0ae98841b9e461207c13ab093d76b0fa7bace",
                "reference": "cfa0ae98841b9e461207c13ab093d76b0fa7bace",
                "shasum": ""
            },
            "require": {
                "php": ">=7.1"
            },
            "type": "library",
            "extra": {
                "branch-alias": {
                    "dev-main": "1.26-dev"
                },
                "thanks": {
                    "name": "symfony/polyfill",
                    "url": "https://github.com/symfony/polyfill"
                }
            },
            "autoload": {
                "files": [
                    "bootstrap.php"
                ],
                "psr-4": {
                    "Symfony\\Polyfill\\Php80\\": ""
                },
                "classmap": [
                    "Resources/stubs"
                ]
            },
            "notification-url": "https://packagist.org/downloads/",
            "license": [
                "MIT"
            ],
            "authors": [
                {
                    "name": "Ion Bazan",
                    "email": "ion.bazan@gmail.com"
                },
                {
                    "name": "Nicolas Grekas",
                    "email": "p@tchwork.com"
                },
                {
                    "name": "Symfony Community",
                    "homepage": "https://symfony.com/contributors"
                }
            ],
            "description": "Symfony polyfill backporting some PHP 8.0+ features to lower PHP versions",
            "homepage": "https://symfony.com",
            "keywords": [
                "compatibility",
                "polyfill",
                "portable",
                "shim"
            ],
            "support": {
                "source": "https://github.com/symfony/polyfill-php80/tree/v1.26.0"
            },
            "funding": [
                {
                    "url": "https://symfony.com/sponsor",
                    "type": "custom"
                },
                {
                    "url": "https://github.com/fabpot",
                    "type": "github"
                },
                {
                    "url": "https://tidelift.com/funding/github/packagist/symfony/symfony",
                    "type": "tidelift"
                }
            ],
            "time": "2022-05-10T07:21:04+00:00"
        },
        {
            "name": "symfony/process",
            "version": "v5.4.11",
            "source": {
                "type": "git",
                "url": "https://github.com/symfony/process.git",
                "reference": "6e75fe6874cbc7e4773d049616ab450eff537bf1"
            },
            "dist": {
                "type": "zip",
                "url": "https://api.github.com/repos/symfony/process/zipball/6e75fe6874cbc7e4773d049616ab450eff537bf1",
                "reference": "6e75fe6874cbc7e4773d049616ab450eff537bf1",
                "shasum": ""
            },
            "require": {
                "php": ">=7.2.5",
                "symfony/polyfill-php80": "^1.16"
            },
            "type": "library",
            "autoload": {
                "psr-4": {
                    "Symfony\\Component\\Process\\": ""
                },
                "exclude-from-classmap": [
                    "/Tests/"
                ]
            },
            "notification-url": "https://packagist.org/downloads/",
            "license": [
                "MIT"
            ],
            "authors": [
                {
                    "name": "Fabien Potencier",
                    "email": "fabien@symfony.com"
                },
                {
                    "name": "Symfony Community",
                    "homepage": "https://symfony.com/contributors"
                }
            ],
            "description": "Executes commands in sub-processes",
            "homepage": "https://symfony.com",
            "support": {
                "source": "https://github.com/symfony/process/tree/v5.4.11"
            },
            "funding": [
                {
                    "url": "https://symfony.com/sponsor",
                    "type": "custom"
                },
                {
                    "url": "https://github.com/fabpot",
                    "type": "github"
                },
                {
                    "url": "https://tidelift.com/funding/github/packagist/symfony/symfony",
                    "type": "tidelift"
                }
            ],
            "time": "2022-06-27T16:58:25+00:00"
        }
    ],
    "aliases": [],
    "minimum-stability": "dev",
    "stability-flags": [],
    "prefer-stable": true,
    "prefer-lowest": false,
    "platform": {
        "php": ">=7.4"
    },
    "platform-dev": [],
    "plugin-api-version": "2.3.0"
}
